
Microsoft Visual Studio Solution File, Format Version 12.00
# Visual Studio Version 17
VisualStudioVersion = 17.5.002.0
MinimumVisualStudioVersion = 10.0.40219.1
Project("{9A19103F-16F7-4668-BE54-9A1E7A4F7556}") = "console.beta", "console.beta\console.beta.csproj", "{140C7CB2-1411-4B81-AE2A-BE5746B015DD}"
EndProject
Project("{FAE04EC0-301F-11D3-BF4B-00C04F79EFBC}") = "sk.core", "sk.core\sk.core.csproj", "{61B0E6E1-ADEC-4A67-BB29-98F2BC648E48}"
EndProject
Project("{FAE04EC0-301F-11D3-BF4B-00C04F79EFBC}") = "sk.api", "sk.api\sk.api.csproj", "{AD20FE82-5584-462A-89B1-7DA63C61B767}"
EndProject
Global
	GlobalSection(SolutionConfigurationPlatforms) = preSolution
		Debug|Any CPU = Debug|Any CPU
		Release|Any CPU = Release|Any CPU
	EndGlobalSection
	GlobalSection(ProjectConfigurationPlatforms) = postSolution
		{140C7CB2-1411-4B81-AE2A-BE5746B015DD}.Debug|Any CPU.ActiveCfg = Debug|Any CPU
		{140C7CB2-1411-4B81-AE2A-BE5746B015DD}.Debug|Any CPU.Build.0 = Debug|Any CPU
		{140C7CB2-1411-4B81-AE2A-BE5746B015DD}.Release|Any CPU.ActiveCfg = Release|Any CPU
		{140C7CB2-1411-4B81-AE2A-BE5746B015DD}.Release|Any CPU.Build.0 = Release|Any CPU
		{61B0E6E1-ADEC-4A67-BB29-98F2BC648E48}.Debug|Any CPU.ActiveCfg = Debug|Any CPU
		{61B0E6E1-ADEC-4A67-BB29-98F2BC648E48}.Debug|Any CPU.Build.0 = Debug|Any CPU
		{61B0E6E1-ADEC-4A67-BB29-98F2BC648E48}.Release|Any CPU.ActiveCfg = Release|Any CPU
		{61B0E6E1-ADEC-4A67-BB29-98F2BC648E48}.Release|Any CPU.Build.0 = Release|Any CPU
		{AD20FE82-5584-462A-89B1-7DA63C61B767}.Debug|Any CPU.ActiveCfg = Debug|Any CPU
		{AD20FE82-5584-462A-89B1-7DA63C61B767}.Debug|Any CPU.Build.0 = Debug|Any CPU
		{AD20FE82-5584-462A-89B1-7DA63C61B767}.Release|Any CPU.ActiveCfg = Release|Any CPU
		{AD20FE82-5584-462A-89B1-7DA63C61B767}.Release|Any CPU.Build.0 = Release|Any CPU
	EndGlobalSection
	GlobalSection(SolutionProperties) = preSolution
		HideSolutionNode = FALSE
	EndGlobalSection
	GlobalSection(ExtensibilityGlobals) = postSolution
		SolutionGuid = {1F4B91E0-1BFC-4F32-ACEF-1EE394919BBE}
	EndGlobalSection
EndGlobal
